{
	"name": "OpenImageInNewTab",
	"lockfileVersion": 2,
	"requires": true,
	"packages": {
		"": {
			"dependencies": {
				"postal-mime": "^1.0.16"
			}
		},
		"node_modules/postal-mime": {
			"version": "1.0.16",
			"resolved": "https://registry.npmjs.org/postal-mime/-/postal-mime-1.0.16.tgz",
			"integrity": "sha512-DIpZ6HfV8GIGerAOui+Q3YEE9EZNK3sdZdH2yGVhbVsB7F6bbD3L4D+W2wch7aV+aOkY5EMjMuKYbRDQGdSQBA=="
		}
	},
	"dependencies": {
		"postal-mime": {
			"version": "1.0.16",
			"resolved": "https://registry.npmjs.org/postal-mime/-/postal-mime-1.0.16.tgz",
			"integrity": "sha512-DIpZ6HfV8GIGerAOui+Q3YEE9EZNK3sdZdH2yGVhbVsB7F6bbD3L4D+W2wch7aV+aOkY5EMjMuKYbRDQGdSQBA=="
		}
	}
}
