{
  "requires": true,
  "lockfileVersion": 1,
  "dependencies": {
    "postal-mime": {
      "version": "1.0.12",
      "resolved": "https://registry.npmjs.org/postal-mime/-/postal-mime-1.0.12.tgz",
      "integrity": "sha512-IiDK1/LtJ3pKtr33hjGCuyKVkxUVwtRVEUtRcJsi1GrsUbF1KZ0+snVTgvu1vokLfP2REricHhwNFt0m9jdZhA=="
    }
  }
}
